<?xml version="1.0" encoding="utf-8"?>
<Project ToolsVersion="4.0" xmlns="http://schemas.microsoft.com/developer/msbuild/2003">
  <ItemGroup>
    <Filter Include="Header Files">
      <UniqueIdentifier>{93995380-89BD-4b04-88EB-625FBE52EBFB}</UniqueIdentifier>
      <Extensions>h;hpp;hxx;hm;inl;inc;xsd</Extensions>
    </Filter>
    <Filter Include="Header Files">
      <UniqueIdentifier>{93995380-89BD-4b04-88EB-625FBE52EBFB}</UniqueIdentifier>
      <Extensions>h;hpp;hxx;hm;inl;inc;xsd</Extensions>
    </Filter>
    <Filter Include="Source Files">
      <UniqueIdentifier>{4FC737F1-C7A5-4376-A066-2A32D752A2FF}</UniqueIdentifier>
      <Extensions>cpp;c;cxx;def;odl;idl;hpj;bat;asm;asmx</Extensions>
    </Filter>
    <Filter Include="Source Files">
      <UniqueIdentifier>{4FC737F1-C7A5-4376-A066-2A32D752A2FF}</UniqueIdentifier>
      <Extensions>cpp;c;cxx;def;odl;idl;hpj;bat;asm;asmx</Extensions>
    </Filter>
  </ItemGroup>
  <ItemGroup>
    <ClCompile Include="game\background.cpp">
      <Filter>Source Files</Filter>
    </ClCompile>
    <ClCompile Include="game\deckchoosingsubstate.cpp">
      <Filter>Source Files</Filter>
    </ClCompile>
    <ClCompile Include="game\deckloader.cpp">
      <Filter>Source Files</Filter>
    </ClCompile>
    <ClCompile Include="rendering\displaymanager.cpp">
      <Filter>Source Files</Filter>
    </ClCompile>
    <ClCompile Include="game\dj.cpp">
      <Filter>Source Files</Filter>
    </ClCompile>
    <ClCompile Include="rendering\dx11constantbuffer.cpp">
      <Filter>Source Files</Filter>
    </ClCompile>
    <ClCompile Include="rendering\dx11geometry.cpp">
      <Filter>Source Files</Filter>
    </ClCompile>
    <ClCompile Include="rendering\dx11renderer.cpp">
      <Filter>Source Files</Filter>
    </ClCompile>
    <ClCompile Include="rendering\dx11resourceloader.cpp">
      <Filter>Source Files</Filter>
    </ClCompile>
    <ClCompile Include="rendering\dx11shader.cpp">
      <Filter>Source Files</Filter>
    </ClCompile>
    <ClCompile Include="rendering\dx11texture.cpp">
      <Filter>Source Files</Filter>
    </ClCompile>
    <ClCompile Include="sound\effect.cpp">
      <Filter>Source Files</Filter>
    </ClCompile>
    <ClCompile Include="events\eventmanager.cpp">
      <Filter>Source Files</Filter>
    </ClCompile>
    <ClCompile Include="game\gamemanager.cpp">
      <Filter>Source Files</Filter>
    </ClCompile>
    <ClCompile Include="events\hidmanager.cpp">
      <Filter>Source Files</Filter>
    </ClCompile>
    <ClCompile Include="game\luainterface.cpp">
      <Filter>Source Files</Filter>
    </ClCompile>
    <ClCompile Include="main.cpp">
      <Filter>Source Files</Filter>
    </ClCompile>
    <ClCompile Include="game\mainmenuresourcemanager.cpp">
      <Filter>Source Files</Filter>
    </ClCompile>
    <ClCompile Include="game\mainmenustate.cpp">
      <Filter>Source Files</Filter>
    </ClCompile>
    <ClCompile Include="game\maprenderer.cpp">
      <Filter>Source Files</Filter>
    </ClCompile>
    <ClCompile Include="game\maptestingresourcemanager.cpp">
      <Filter>Source Files</Filter>
    </ClCompile>
    <ClCompile Include="game\maptestingstate.cpp">
      <Filter>Source Files</Filter>
    </ClCompile>
    <ClCompile Include="game\menu.cpp">
      <Filter>Source Files</Filter>
    </ClCompile>
    <ClCompile Include="sound\music.cpp">
      <Filter>Source Files</Filter>
    </ClCompile>
    <ClCompile Include="game\racingresourcemanager.cpp">
      <Filter>Source Files</Filter>
    </ClCompile>
    <ClCompile Include="game\racingstate.cpp">
      <Filter>Source Files</Filter>
    </ClCompile>
    <ClCompile Include="game\racingsubstate.cpp">
      <Filter>Source Files</Filter>
    </ClCompile>
    <ClCompile Include="sound\resourceloader.cpp">
      <Filter>Source Files</Filter>
    </ClCompile>
    <ClCompile Include="game\resourcemanager.cpp">
      <Filter>Source Files</Filter>
    </ClCompile>
    <ClCompile Include="game\resultssubstate.cpp">
      <Filter>Source Files</Filter>
    </ClCompile>
    <ClCompile Include="physics\scene.cpp">
      <Filter>Source Files</Filter>
    </ClCompile>
    <ClCompile Include="sound\soundmanager.cpp">
      <Filter>Source Files</Filter>
    </ClCompile>
  </ItemGroup>
  <ItemGroup>
    <ClInclude Include="rendering\comptrhack.hpp">
      <Filter>Header Files</Filter>
    </ClInclude>
    <ClInclude Include="core\constants.hpp">
      <Filter>Header Files</Filter>
    </ClInclude>
    <ClInclude Include="game\constants.hpp">
      <Filter>Header Files</Filter>
    </ClInclude>
    <ClInclude Include="game\deckettings.hpp">
      <Filter>Header Files</Filter>
    </ClInclude>
    <ClInclude Include="game\deckloader.h">
      <Filter>Header Files</Filter>
    </ClInclude>
    <ClInclude Include="rendering\displaymanager.h">
      <Filter>Header Files</Filter>
    </ClInclude>
    <ClInclude Include="game\dj.h">
      <Filter>Header Files</Filter>
    </ClInclude>
    <ClInclude Include="rendering\dx11fwd.hpp">
      <Filter>Header Files</Filter>
    </ClInclude>
    <ClInclude Include="rendering\dx11renderer.h">
      <Filter>Header Files</Filter>
    </ClInclude>
    <ClInclude Include="rendering\dx11structs.h">
      <Filter>Header Files</Filter>
    </ClInclude>
    <ClInclude Include="core\engine.hpp">
      <Filter>Header Files</Filter>
    </ClInclude>
    <ClInclude Include="events\eventfwd.hpp">
      <Filter>Header Files</Filter>
    </ClInclude>
    <ClInclude Include="events\eventmanager.h">
      <Filter>Header Files</Filter>
    </ClInclude>
    <ClInclude Include="events\eventstructs.hpp">
      <Filter>Header Files</Filter>
    </ClInclude>
    <ClInclude Include="rendering\fwd.hpp">
      <Filter>Header Files</Filter>
    </ClInclude>
    <ClInclude Include="game\game.h">
      <Filter>Header Files</Filter>
    </ClInclude>
    <ClInclude Include="game\gamemanager.h">
      <Filter>Header Files</Filter>
    </ClInclude>
    <ClInclude Include="game\gamerenderstructs.hpp">
      <Filter>Header Files</Filter>
    </ClInclude>
    <ClInclude Include="game\gamestate.hpp">
      <Filter>Header Files</Filter>
    </ClInclude>
    <ClInclude Include="game\gamestates.hpp">
      <Filter>Header Files</Filter>
    </ClInclude>
    <ClInclude Include="events\hidmanager.h">
      <Filter>Header Files</Filter>
    </ClInclude>
    <ClInclude Include="game\luainterface.h">
      <Filter>Header Files</Filter>
    </ClInclude>
    <ClInclude Include="game\map.hpp">
      <Filter>Header Files</Filter>
    </ClInclude>
    <ClInclude Include="game\mapfactory.hpp">
      <Filter>Header Files</Filter>
    </ClInclude>
    <ClInclude Include="game\mapkit.hpp">
      <Filter>Header Files</Filter>
    </ClInclude>
    <ClInclude Include="game\maprenderer.h">
      <Filter>Header Files</Filter>
    </ClInclude>
    <ClInclude Include="game\maptools.hpp">
      <Filter>Header Files</Filter>
    </ClInclude>
    <ClInclude Include="game\maputility.hpp">
      <Filter>Header Files</Filter>
    </ClInclude>
    <ClInclude Include="physics\physicsmanager.h">
      <Filter>Header Files</Filter>
    </ClInclude>
    <ClInclude Include="physics\physicsstructs.hpp">
      <Filter>Header Files</Filter>
    </ClInclude>
    <ClInclude Include="game\racingsubstates.hpp">
      <Filter>Header Files</Filter>
    </ClInclude>
    <ClInclude Include="game\resourcemanager.h">
      <Filter>Header Files</Filter>
    </ClInclude>
    <ClInclude Include="sound\soundfwd.hpp">
      <Filter>Header Files</Filter>
    </ClInclude>
    <ClInclude Include="sound\soundmanager.h">
      <Filter>Header Files</Filter>
    </ClInclude>
    <ClInclude Include="sound\soundstructs.hpp">
      <Filter>Header Files</Filter>
    </ClInclude>
    <ClInclude Include="game\types.hpp">
      <Filter>Header Files</Filter>
    </ClInclude>
    <ClInclude Include="core\utility.hpp">
      <Filter>Header Files</Filter>
    </ClInclude>
  </ItemGroup>
</Project>